
Microsoft Visual Studio Solution File, Format Version 12.00
# Visual Studio Version 17
VisualStudioVersion = 17.4.33103.184
MinimumVisualStudioVersion = 10.0.40219.1
Project("{FAE04EC0-301F-11D3-BF4B-00C04F79EFBC}") = "AKBot", "AKBot\AKBot.csproj", "{82FC8A18-82CB-4E81-948D-832D2A72186D}"
EndProject
Project("{FAE04EC0-301F-11D3-BF4B-00C04F79EFBC}") = "Bluestacks", "Bluestacks\Bluestacks.csproj", "{15615A4B-3032-4C2C-A1EE-8177F3E550F4}"
EndProject
Global
	GlobalSection(SolutionConfigurationPlatforms) = preSolution
		Debug|Any CPU = Debug|Any CPU
		Release|Any CPU = Release|Any CPU
	EndGlobalSection
	GlobalSection(ProjectConfigurationPlatforms) = postSolution
		{82FC8A18-82CB-4E81-948D-832D2A72186D}.Debug|Any CPU.ActiveCfg = Debug|Any CPU
		{82FC8A18-82CB-4E81-948D-832D2A72186D}.Debug|Any CPU.Build.0 = Debug|Any CPU
		{82FC8A18-82CB-4E81-948D-832D2A72186D}.Release|Any CPU.ActiveCfg = Release|Any CPU
		{82FC8A18-82CB-4E81-948D-832D2A72186D}.Release|Any CPU.Build.0 = Release|Any CPU
		{15615A4B-3032-4C2C-A1EE-8177F3E550F4}.Debug|Any CPU.ActiveCfg = Debug|Any CPU
		{15615A4B-3032-4C2C-A1EE-8177F3E550F4}.Debug|Any CPU.Build.0 = Debug|Any CPU
		{15615A4B-3032-4C2C-A1EE-8177F3E550F4}.Release|Any CPU.ActiveCfg = Release|Any CPU
		{15615A4B-3032-4C2C-A1EE-8177F3E550F4}.Release|Any CPU.Build.0 = Release|Any CPU
	EndGlobalSection
	GlobalSection(SolutionProperties) = preSolution
		HideSolutionNode = FALSE
	EndGlobalSection
	GlobalSection(ExtensibilityGlobals) = postSolution
		SolutionGuid = {768E6A66-19A3-4603-A6BD-96D3FFA91D70}
	EndGlobalSection
EndGlobal
